
Microsoft Visual Studio Solution File, Format Version 12.00
# Visual Studio Version 17
VisualStudioVersion = 17.13.35825.156 d17.13
MinimumVisualStudioVersion = 10.0.40219.1
Project("{FAE04EC0-301F-11D3-BF4B-00C04F79EFBC}") = "todo-maui", "todo-maui.csproj", "{FF47DA15-30A2-439F-9425-6BB0CE0531DA}"
EndProject
Global
	GlobalSection(SolutionConfigurationPlatforms) = preSolution
		Debug|Any CPU = Debug|Any CPU
		Release|Any CPU = Release|Any CPU
	EndGlobalSection
	GlobalSection(ProjectConfigurationPlatforms) = postSolution
		{FF47DA15-30A2-439F-9425-6BB0CE0531DA}.Debug|Any CPU.ActiveCfg = Debug|Any CPU
		{FF47DA15-30A2-439F-9425-6BB0CE0531DA}.Debug|Any CPU.Build.0 = Debug|Any CPU
		{FF47DA15-30A2-439F-9425-6BB0CE0531DA}.Release|Any CPU.ActiveCfg = Release|Any CPU
		{FF47DA15-30A2-439F-9425-6BB0CE0531DA}.Release|Any CPU.Build.0 = Release|Any CPU
	EndGlobalSection
	GlobalSection(SolutionProperties) = preSolution
		HideSolutionNode = FALSE
	EndGlobalSection
	GlobalSection(ExtensibilityGlobals) = postSolution
		SolutionGuid = {9D1CE51F-2D01-4F92-BC58-4A5E88CA640D}
	EndGlobalSection
EndGlobal
